
Microsoft Visual Studio Solution File, Format Version 12.00
# Visual Studio Version 17
VisualStudioVersion = 17.10.34916.146
MinimumVisualStudioVersion = 10.0.40219.1
Project("{FAE04EC0-301F-11D3-BF4B-00C04F79EFBC}") = "ChallengeApp", "ChallengeApp\ChallengeApp.csproj", "{52F0B0DA-468A-4F34-92B7-499FEA246C1C}"
EndProject
Global
	GlobalSection(SolutionConfigurationPlatforms) = preSolution
		Debug|Any CPU = Debug|Any CPU
		Release|Any CPU = Release|Any CPU
	EndGlobalSection
	GlobalSection(ProjectConfigurationPlatforms) = postSolution
		{52F0B0DA-468A-4F34-92B7-499FEA246C1C}.Debug|Any CPU.ActiveCfg = Debug|Any CPU
		{52F0B0DA-468A-4F34-92B7-499FEA246C1C}.Debug|Any CPU.Build.0 = Debug|Any CPU
		{52F0B0DA-468A-4F34-92B7-499FEA246C1C}.Release|Any CPU.ActiveCfg = Release|Any CPU
		{52F0B0DA-468A-4F34-92B7-499FEA246C1C}.Release|Any CPU.Build.0 = Release|Any CPU
	EndGlobalSection
	GlobalSection(SolutionProperties) = preSolution
		HideSolutionNode = FALSE
	EndGlobalSection
	GlobalSection(ExtensibilityGlobals) = postSolution
		SolutionGuid = {7C5F0172-533B-4E0E-8B5D-BE6227DF3D9C}
	EndGlobalSection
EndGlobal
